// !$*UTF8*$!
{
	archiveVersion = 1;
	classes = {
	};
	objectVersion = 46;
	objects = {

/* Begin PBXBuildFile section */
		1F01288815BE391F0063ECDC /* OTPPlace.m in Sources */ = {isa = PBXBuildFile; fileRef = 1F01288715BE391F0063ECDC /* OTPPlace.m */; };
		1F01288B15BE3AE20063ECDC /* OTPAgencyAndID.m in Sources */ = {isa = PBXBuildFile; fileRef = 1F01288A15BE3AE20063ECDC /* OTPAgencyAndID.m */; };
		1F01288E15BE3F8B0063ECDC /* NSDate+OTPTimeInterval.m in Sources */ = {isa = PBXBuildFile; fileRef = 1F01288D15BE3F8B0063ECDC /* NSDate+OTPTimeInterval.m */; };
		1F01289115BE55430063ECDC /* OTPPlaceTest.m in Sources */ = {isa = PBXBuildFile; fileRef = 1F01289015BE55430063ECDC /* OTPPlaceTest.m */; };
		1F01289415BE5A820063ECDC /* OTPAgencyAndIDTest.m in Sources */ = {isa = PBXBuildFile; fileRef = 1F01289315BE5A820063ECDC /* OTPAgencyAndIDTest.m */; };
		1F01289715BE5C030063ECDC /* OTPPlannerErrorTest.m in Sources */ = {isa = PBXBuildFile; fileRef = 1F01289615BE5C030063ECDC /* OTPPlannerErrorTest.m */; };
		1F01289A15BE62B10063ECDC /* OTPFare.m in Sources */ = {isa = PBXBuildFile; fileRef = 1F01289915BE62B10063ECDC /* OTPFare.m */; };
		1F01289D15BE62EF0063ECDC /* OTPLeg.m in Sources */ = {isa = PBXBuildFile; fileRef = 1F01289C15BE62EF0063ECDC /* OTPLeg.m */; };
		1F0128A015BE68D60063ECDC /* OTPEncodedPolyline.m in Sources */ = {isa = PBXBuildFile; fileRef = 1F01289F15BE68D60063ECDC /* OTPEncodedPolyline.m */; };
		1F0128A315BE78580063ECDC /* OTPWalkStep.m in Sources */ = {isa = PBXBuildFile; fileRef = 1F0128A215BE78580063ECDC /* OTPWalkStep.m */; };
		1F0128A615BE80E70063ECDC /* OTPFareTest.m in Sources */ = {isa = PBXBuildFile; fileRef = 1F0128A515BE80E70063ECDC /* OTPFareTest.m */; };
		1F0128A915BE81210063ECDC /* OTPLegTest.m in Sources */ = {isa = PBXBuildFile; fileRef = 1F0128A815BE81210063ECDC /* OTPLegTest.m */; };
		1F0128AC15BE88840063ECDC /* OTPEncodedPolylineTest.m in Sources */ = {isa = PBXBuildFile; fileRef = 1F0128AB15BE88840063ECDC /* OTPEncodedPolylineTest.m */; };
		1F0128AF15BE89DF0063ECDC /* OTPWalkStepTest.m in Sources */ = {isa = PBXBuildFile; fileRef = 1F0128AE15BE89DF0063ECDC /* OTPWalkStepTest.m */; };
		1F0128BF15BF74410063ECDC /* OTPMappingProviderTest.m in Sources */ = {isa = PBXBuildFile; fileRef = 1F0128BE15BF74410063ECDC /* OTPMappingProviderTest.m */; };
		1F12167C15C20B27007B75A5 /* OTPObjectManager.h in Headers */ = {isa = PBXBuildFile; fileRef = 1FF7F34615BFA58900694F29 /* OTPObjectManager.h */; settings = {ATTRIBUTES = (Public, ); }; };
		1F12167D15C20B4D007B75A5 /* OTPTripPlan.h in Headers */ = {isa = PBXBuildFile; fileRef = 1F2F409E15BCE49700121A2F /* OTPTripPlan.h */; settings = {ATTRIBUTES = (Public, ); }; };
		1F12167E15C20B4D007B75A5 /* OTPPlace.h in Headers */ = {isa = PBXBuildFile; fileRef = 1F01288615BE391F0063ECDC /* OTPPlace.h */; settings = {ATTRIBUTES = (Public, ); }; };
		1F12167F15C20B4D007B75A5 /* OTPAgencyAndID.h in Headers */ = {isa = PBXBuildFile; fileRef = 1F01288915BE3AE20063ECDC /* OTPAgencyAndID.h */; settings = {ATTRIBUTES = (Public, ); }; };
		1F12168015C20B4D007B75A5 /* OTPItinerary.h in Headers */ = {isa = PBXBuildFile; fileRef = 1F2F40A115BCE4AB00121A2F /* OTPItinerary.h */; settings = {ATTRIBUTES = (Public, ); }; };
		1F12168115C20B4D007B75A5 /* OTPFare.h in Headers */ = {isa = PBXBuildFile; fileRef = 1F01289815BE62B10063ECDC /* OTPFare.h */; settings = {ATTRIBUTES = (Public, ); }; };
		1F12168215C20B4D007B75A5 /* OTPLeg.h in Headers */ = {isa = PBXBuildFile; fileRef = 1F01289B15BE62EE0063ECDC /* OTPLeg.h */; settings = {ATTRIBUTES = (Public, ); }; };
		1F12168315C20B4D007B75A5 /* OTPEncodedPolyline.h in Headers */ = {isa = PBXBuildFile; fileRef = 1F01289E15BE68D50063ECDC /* OTPEncodedPolyline.h */; settings = {ATTRIBUTES = (Public, ); }; };
		1F12168415C20B4D007B75A5 /* OTPWalkStep.h in Headers */ = {isa = PBXBuildFile; fileRef = 1F0128A115BE78570063ECDC /* OTPWalkStep.h */; settings = {ATTRIBUTES = (Public, ); }; };
		1F2F404415BCE06500121A2F /* Foundation.framework in Frameworks */ = {isa = PBXBuildFile; fileRef = 1F2F404315BCE06500121A2F /* Foundation.framework */; };
		1F2F405315BCE06600121A2F /* SenTestingKit.framework in Frameworks */ = {isa = PBXBuildFile; fileRef = 1F2F405215BCE06600121A2F /* SenTestingKit.framework */; };
		1F2F405515BCE06600121A2F /* UIKit.framework in Frameworks */ = {isa = PBXBuildFile; fileRef = 1F2F405415BCE06600121A2F /* UIKit.framework */; };
		1F2F405615BCE06600121A2F /* Foundation.framework in Frameworks */ = {isa = PBXBuildFile; fileRef = 1F2F404315BCE06500121A2F /* Foundation.framework */; };
		1F2F405915BCE06600121A2F /* libOTPClient.a in Frameworks */ = {isa = PBXBuildFile; fileRef = 1F2F404015BCE06500121A2F /* libOTPClient.a */; };
		1F2F408715BCE2B400121A2F /* libRestKit.a in Frameworks */ = {isa = PBXBuildFile; fileRef = 1F2F407A15BCE19100121A2F /* libRestKit.a */; };
		1F2F408915BCE2CE00121A2F /* CFNetwork.framework in Frameworks */ = {isa = PBXBuildFile; fileRef = 1F2F408815BCE2CE00121A2F /* CFNetwork.framework */; };
		1F2F408B15BCE2D400121A2F /* CoreData.framework in Frameworks */ = {isa = PBXBuildFile; fileRef = 1F2F408A15BCE2D400121A2F /* CoreData.framework */; };
		1F2F408D15BCE2DB00121A2F /* MobileCoreServices.framework in Frameworks */ = {isa = PBXBuildFile; fileRef = 1F2F408C15BCE2DB00121A2F /* MobileCoreServices.framework */; };
		1F2F408F15BCE2E500121A2F /* Security.framework in Frameworks */ = {isa = PBXBuildFile; fileRef = 1F2F408E15BCE2E400121A2F /* Security.framework */; };
		1F2F409115BCE2EF00121A2F /* SystemConfiguration.framework in Frameworks */ = {isa = PBXBuildFile; fileRef = 1F2F409015BCE2EF00121A2F /* SystemConfiguration.framework */; };
		1F2F409315BCE2F800121A2F /* QuartzCore.framework in Frameworks */ = {isa = PBXBuildFile; fileRef = 1F2F409215BCE2F800121A2F /* QuartzCore.framework */; };
		1F2F409515BCE30100121A2F /* libxml2.2.dylib in Frameworks */ = {isa = PBXBuildFile; fileRef = 1F2F409415BCE30100121A2F /* libxml2.2.dylib */; };
		1F2F409615BCE31800121A2F /* CFNetwork.framework in Frameworks */ = {isa = PBXBuildFile; fileRef = 1F2F408815BCE2CE00121A2F /* CFNetwork.framework */; };
		1F2F409715BCE32000121A2F /* CoreData.framework in Frameworks */ = {isa = PBXBuildFile; fileRef = 1F2F408A15BCE2D400121A2F /* CoreData.framework */; };
		1F2F409815BCE32700121A2F /* MobileCoreServices.framework in Frameworks */ = {isa = PBXBuildFile; fileRef = 1F2F408C15BCE2DB00121A2F /* MobileCoreServices.framework */; };
		1F2F409915BCE32F00121A2F /* Security.framework in Frameworks */ = {isa = PBXBuildFile; fileRef = 1F2F408E15BCE2E400121A2F /* Security.framework */; };
		1F2F409A15BCE33700121A2F /* SystemConfiguration.framework in Frameworks */ = {isa = PBXBuildFile; fileRef = 1F2F409015BCE2EF00121A2F /* SystemConfiguration.framework */; };
		1F2F409B15BCE34000121A2F /* QuartzCore.framework in Frameworks */ = {isa = PBXBuildFile; fileRef = 1F2F409215BCE2F800121A2F /* QuartzCore.framework */; };
		1F2F409C15BCE34700121A2F /* libxml2.2.dylib in Frameworks */ = {isa = PBXBuildFile; fileRef = 1F2F409415BCE30100121A2F /* libxml2.2.dylib */; };
		1F2F40A015BCE49700121A2F /* OTPTripPlan.m in Sources */ = {isa = PBXBuildFile; fileRef = 1F2F409F15BCE49700121A2F /* OTPTripPlan.m */; };
		1F2F40A315BCE4AB00121A2F /* OTPItinerary.m in Sources */ = {isa = PBXBuildFile; fileRef = 1F2F40A215BCE4AB00121A2F /* OTPItinerary.m */; };
		1F2F40A615BCE57500121A2F /* OTPMappingProvider.m in Sources */ = {isa = PBXBuildFile; fileRef = 1F2F40A515BCE57500121A2F /* OTPMappingProvider.m */; };
		1F2F40AA15BCE7E200121A2F /* OTPTripPlanTest.m in Sources */ = {isa = PBXBuildFile; fileRef = 1F2F40A915BCE7E200121A2F /* OTPTripPlanTest.m */; };
		1F2F40AD15BCE8CB00121A2F /* response.json in Resources */ = {isa = PBXBuildFile; fileRef = 1F2F40AC15BCE8CB00121A2F /* response.json */; };
		1F2F40AF15BCEA3700121A2F /* CoreGraphics.framework in Frameworks */ = {isa = PBXBuildFile; fileRef = 1F2F40AE15BCEA3700121A2F /* CoreGraphics.framework */; };
		1F2F40B015BCEA4200121A2F /* CoreGraphics.framework in Frameworks */ = {isa = PBXBuildFile; fileRef = 1F2F40AE15BCEA3700121A2F /* CoreGraphics.framework */; };
		1F2F40B615BCEB9B00121A2F /* OTPTestEnvironment.m in Sources */ = {isa = PBXBuildFile; fileRef = 1F2F40B515BCEB9B00121A2F /* OTPTestEnvironment.m */; };
		1F2F40B915BCED9700121A2F /* OTPItineraryTest.m in Sources */ = {isa = PBXBuildFile; fileRef = 1F2F40B815BCED9700121A2F /* OTPItineraryTest.m */; };
		1F2F40BC15BCF1D300121A2F /* OTPResponse.m in Sources */ = {isa = PBXBuildFile; fileRef = 1F2F40BB15BCF1D300121A2F /* OTPResponse.m */; };
		1F2F40BF15BCF2A700121A2F /* OTPResponseTest.m in Sources */ = {isa = PBXBuildFile; fileRef = 1F2F40BE15BCF2A700121A2F /* OTPResponseTest.m */; };
		1F2F40C215BE0E9100121A2F /* OTPPlannerError.m in Sources */ = {isa = PBXBuildFile; fileRef = 1F2F40C115BE0E9100121A2F /* OTPPlannerError.m */; };
		1F2F40C515BE136F00121A2F /* OTPRequestParameters.m in Sources */ = {isa = PBXBuildFile; fileRef = 1F2F40C415BE136F00121A2F /* OTPRequestParameters.m */; };
		1F2F40C815BE1EF700121A2F /* OTPRequestParametersTest.m in Sources */ = {isa = PBXBuildFile; fileRef = 1F2F40C715BE1EF700121A2F /* OTPRequestParametersTest.m */; };
		1F2F40CA15BE213900121A2F /* responseWithError.json in Resources */ = {isa = PBXBuildFile; fileRef = 1F2F40C915BE213900121A2F /* responseWithError.json */; };
		1FF7F34815BFA58900694F29 /* OTPObjectManager.m in Sources */ = {isa = PBXBuildFile; fileRef = 1FF7F34715BFA58900694F29 /* OTPObjectManager.m */; };
		1FF7F34B15BFD93E00694F29 /* OTPObjectManagerTest.m in Sources */ = {isa = PBXBuildFile; fileRef = 1FF7F34A15BFD93E00694F29 /* OTPObjectManagerTest.m */; };
/* End PBXBuildFile section */

/* Begin PBXContainerItemProxy section */
		1F2F405715BCE06600121A2F /* PBXContainerItemProxy */ = {
			isa = PBXContainerItemProxy;
			containerPortal = 1F2F403715BCE06500121A2F /* Project object */;
			proxyType = 1;
			remoteGlobalIDString = 1F2F403F15BCE06500121A2F;
			remoteInfo = OTPClient;
		};
		1F2F407915BCE19100121A2F /* PBXContainerItemProxy */ = {
			isa = PBXContainerItemProxy;
			containerPortal = 1F2F406E15BCE19000121A2F /* RestKit.xcodeproj */;
			proxyType = 2;
			remoteGlobalIDString = 25160D1614564E810060A5C5;
			remoteInfo = RestKit;
		};
		1F2F407B15BCE19100121A2F /* PBXContainerItemProxy */ = {
			isa = PBXContainerItemProxy;
			containerPortal = 1F2F406E15BCE19000121A2F /* RestKit.xcodeproj */;
			proxyType = 2;
			remoteGlobalIDString = 25160D2614564E820060A5C5;
			remoteInfo = RestKitTests;
		};
		1F2F407D15BCE19100121A2F /* PBXContainerItemProxy */ = {
			isa = PBXContainerItemProxy;
			containerPortal = 1F2F406E15BCE19000121A2F /* RestKit.xcodeproj */;
			proxyType = 2;
			remoteGlobalIDString = 25160E62145651060060A5C5;
			remoteInfo = RestKitFramework;
		};
		1F2F407F15BCE19100121A2F /* PBXContainerItemProxy */ = {
			isa = PBXContainerItemProxy;
			containerPortal = 1F2F406E15BCE19000121A2F /* RestKit.xcodeproj */;
			proxyType = 2;
			remoteGlobalIDString = 25160E78145651060060A5C5;
			remoteInfo = RestKitFrameworkTests;
		};
		1F2F408115BCE19100121A2F /* PBXContainerItemProxy */ = {
			isa = PBXContainerItemProxy;
			containerPortal = 1F2F406E15BCE19000121A2F /* RestKit.xcodeproj */;
			proxyType = 2;
			remoteGlobalIDString = 259C301615128079003066A2;
			remoteInfo = RestKitResources;
		};
		1F2F408515BCE29400121A2F /* PBXContainerItemProxy */ = {
			isa = PBXContainerItemProxy;
			containerPortal = 1F2F406E15BCE19000121A2F /* RestKit.xcodeproj */;
			proxyType = 1;
			remoteGlobalIDString = 25160D1514564E810060A5C5;
			remoteInfo = RestKit;
		};
/* End PBXContainerItemProxy section */

/* Begin PBXFileReference section */
		1F01288615BE391F0063ECDC /* OTPPlace.h */ = {isa = PBXFileReference; fileEncoding = 4; lastKnownFileType = sourcecode.c.h; name = OTPPlace.h; path = Models/OTPPlace.h; sourceTree = "<group>"; };
		1F01288715BE391F0063ECDC /* OTPPlace.m */ = {isa = PBXFileReference; fileEncoding = 4; lastKnownFileType = sourcecode.c.objc; name = OTPPlace.m; path = Models/OTPPlace.m; sourceTree = "<group>"; };
		1F01288915BE3AE20063ECDC /* OTPAgencyAndID.h */ = {isa = PBXFileReference; fileEncoding = 4; lastKnownFileType = sourcecode.c.h; name = OTPAgencyAndID.h; path = Models/OTPAgencyAndID.h; sourceTree = "<group>"; };
		1F01288A15BE3AE20063ECDC /* OTPAgencyAndID.m */ = {isa = PBXFileReference; fileEncoding = 4; lastKnownFileType = sourcecode.c.objc; name = OTPAgencyAndID.m; path = Models/OTPAgencyAndID.m; sourceTree = "<group>"; };
		1F01288C15BE3F8B0063ECDC /* NSDate+OTPTimeInterval.h */ = {isa = PBXFileReference; fileEncoding = 4; lastKnownFileType = sourcecode.c.h; name = "NSDate+OTPTimeInterval.h"; path = "SupportingFiles/NSDate+OTPTimeInterval.h"; sourceTree = "<group>"; };
		1F01288D15BE3F8B0063ECDC /* NSDate+OTPTimeInterval.m */ = {isa = PBXFileReference; fileEncoding = 4; lastKnownFileType = sourcecode.c.objc; name = "NSDate+OTPTimeInterval.m"; path = "SupportingFiles/NSDate+OTPTimeInterval.m"; sourceTree = "<group>"; };
		1F01289015BE55430063ECDC /* OTPPlaceTest.m */ = {isa = PBXFileReference; fileEncoding = 4; lastKnownFileType = sourcecode.c.objc; name = OTPPlaceTest.m; path = Models/OTPPlaceTest.m; sourceTree = "<group>"; };
		1F01289315BE5A820063ECDC /* OTPAgencyAndIDTest.m */ = {isa = PBXFileReference; fileEncoding = 4; lastKnownFileType = sourcecode.c.objc; name = OTPAgencyAndIDTest.m; path = Models/OTPAgencyAndIDTest.m; sourceTree = "<group>"; };
		1F01289615BE5C030063ECDC /* OTPPlannerErrorTest.m */ = {isa = PBXFileReference; fileEncoding = 4; lastKnownFileType = sourcecode.c.objc; name = OTPPlannerErrorTest.m; path = Models/OTPPlannerErrorTest.m; sourceTree = "<group>"; };
		1F01289815BE62B10063ECDC /* OTPFare.h */ = {isa = PBXFileReference; fileEncoding = 4; lastKnownFileType = sourcecode.c.h; name = OTPFare.h; path = Models/OTPFare.h; sourceTree = "<group>"; };
		1F01289915BE62B10063ECDC /* OTPFare.m */ = {isa = PBXFileReference; fileEncoding = 4; lastKnownFileType = sourcecode.c.objc; name = OTPFare.m; path = Models/OTPFare.m; sourceTree = "<group>"; };
		1F01289B15BE62EE0063ECDC /* OTPLeg.h */ = {isa = PBXFileReference; fileEncoding = 4; lastKnownFileType = sourcecode.c.h; name = OTPLeg.h; path = Models/OTPLeg.h; sourceTree = "<group>"; };
		1F01289C15BE62EF0063ECDC /* OTPLeg.m */ = {isa = PBXFileReference; fileEncoding = 4; lastKnownFileType = sourcecode.c.objc; name = OTPLeg.m; path = Models/OTPLeg.m; sourceTree = "<group>"; };
		1F01289E15BE68D50063ECDC /* OTPEncodedPolyline.h */ = {isa = PBXFileReference; fileEncoding = 4; lastKnownFileType = sourcecode.c.h; name = OTPEncodedPolyline.h; path = Models/OTPEncodedPolyline.h; sourceTree = "<group>"; };
		1F01289F15BE68D60063ECDC /* OTPEncodedPolyline.m */ = {isa = PBXFileReference; fileEncoding = 4; lastKnownFileType = sourcecode.c.objc; name = OTPEncodedPolyline.m; path = Models/OTPEncodedPolyline.m; sourceTree = "<group>"; };
		1F0128A115BE78570063ECDC /* OTPWalkStep.h */ = {isa = PBXFileReference; fileEncoding = 4; lastKnownFileType = sourcecode.c.h; name = OTPWalkStep.h; path = Models/OTPWalkStep.h; sourceTree = "<group>"; };
		1F0128A215BE78580063ECDC /* OTPWalkStep.m */ = {isa = PBXFileReference; fileEncoding = 4; lastKnownFileType = sourcecode.c.objc; name = OTPWalkStep.m; path = Models/OTPWalkStep.m; sourceTree = "<group>"; };
		1F0128A515BE80E70063ECDC /* OTPFareTest.m */ = {isa = PBXFileReference; fileEncoding = 4; lastKnownFileType = sourcecode.c.objc; name = OTPFareTest.m; path = Models/OTPFareTest.m; sourceTree = "<group>"; };
		1F0128A815BE81210063ECDC /* OTPLegTest.m */ = {isa = PBXFileReference; fileEncoding = 4; lastKnownFileType = sourcecode.c.objc; name = OTPLegTest.m; path = Models/OTPLegTest.m; sourceTree = "<group>"; };
		1F0128AB15BE88840063ECDC /* OTPEncodedPolylineTest.m */ = {isa = PBXFileReference; fileEncoding = 4; lastKnownFileType = sourcecode.c.objc; name = OTPEncodedPolylineTest.m; path = Models/OTPEncodedPolylineTest.m; sourceTree = "<group>"; };
		1F0128AE15BE89DF0063ECDC /* OTPWalkStepTest.m */ = {isa = PBXFileReference; fileEncoding = 4; lastKnownFileType = sourcecode.c.objc; name = OTPWalkStepTest.m; path = Models/OTPWalkStepTest.m; sourceTree = "<group>"; };
		1F0128BE15BF74410063ECDC /* OTPMappingProviderTest.m */ = {isa = PBXFileReference; fileEncoding = 4; lastKnownFileType = sourcecode.c.objc; name = OTPMappingProviderTest.m; path = ObjectMapping/OTPMappingProviderTest.m; sourceTree = "<group>"; };
		1F12166C15C200A7007B75A5 /* MACLog.h */ = {isa = PBXFileReference; fileEncoding = 4; lastKnownFileType = sourcecode.c.h; name = MACLog.h; path = SupportingFiles/MACLog.h; sourceTree = "<group>"; };
		1F2F404015BCE06500121A2F /* libOTPClient.a */ = {isa = PBXFileReference; explicitFileType = archive.ar; includeInIndex = 0; path = libOTPClient.a; sourceTree = BUILT_PRODUCTS_DIR; };
		1F2F404315BCE06500121A2F /* Foundation.framework */ = {isa = PBXFileReference; lastKnownFileType = wrapper.framework; name = Foundation.framework; path = System/Library/Frameworks/Foundation.framework; sourceTree = SDKROOT; };
		1F2F404715BCE06500121A2F /* OTPClient-Prefix.pch */ = {isa = PBXFileReference; lastKnownFileType = sourcecode.c.h; name = "OTPClient-Prefix.pch"; path = "SupportingFiles/OTPClient-Prefix.pch"; sourceTree = "<group>"; };
		1F2F405115BCE06600121A2F /* OTPClientTests.octest */ = {isa = PBXFileReference; explicitFileType = wrapper.cfbundle; includeInIndex = 0; path = OTPClientTests.octest; sourceTree = BUILT_PRODUCTS_DIR; };
		1F2F405215BCE06600121A2F /* SenTestingKit.framework */ = {isa = PBXFileReference; lastKnownFileType = wrapper.framework; name = SenTestingKit.framework; path = Library/Frameworks/SenTestingKit.framework; sourceTree = DEVELOPER_DIR; };
		1F2F405415BCE06600121A2F /* UIKit.framework */ = {isa = PBXFileReference; lastKnownFileType = wrapper.framework; name = UIKit.framework; path = Library/Frameworks/UIKit.framework; sourceTree = DEVELOPER_DIR; };
		1F2F405C15BCE06600121A2F /* OTPClientTests-Info.plist */ = {isa = PBXFileReference; lastKnownFileType = text.plist.xml; name = "OTPClientTests-Info.plist"; path = "SupportingFiles/OTPClientTests-Info.plist"; sourceTree = "<group>"; };
		1F2F406E15BCE19000121A2F /* RestKit.xcodeproj */ = {isa = PBXFileReference; lastKnownFileType = "wrapper.pb-project"; name = RestKit.xcodeproj; path = Libraries/RestKit/RestKit.xcodeproj; sourceTree = "<group>"; };
		1F2F408815BCE2CE00121A2F /* CFNetwork.framework */ = {isa = PBXFileReference; lastKnownFileType = wrapper.framework; name = CFNetwork.framework; path = System/Library/Frameworks/CFNetwork.framework; sourceTree = SDKROOT; };
		1F2F408A15BCE2D400121A2F /* CoreData.framework */ = {isa = PBXFileReference; lastKnownFileType = wrapper.framework; name = CoreData.framework; path = System/Library/Frameworks/CoreData.framework; sourceTree = SDKROOT; };
		1F2F408C15BCE2DB00121A2F /* MobileCoreServices.framework */ = {isa = PBXFileReference; lastKnownFileType = wrapper.framework; name = MobileCoreServices.framework; path = System/Library/Frameworks/MobileCoreServices.framework; sourceTree = SDKROOT; };
		1F2F408E15BCE2E400121A2F /* Security.framework */ = {isa = PBXFileReference; lastKnownFileType = wrapper.framework; name = Security.framework; path = System/Library/Frameworks/Security.framework; sourceTree = SDKROOT; };
		1F2F409015BCE2EF00121A2F /* SystemConfiguration.framework */ = {isa = PBXFileReference; lastKnownFileType = wrapper.framework; name = SystemConfiguration.framework; path = System/Library/Frameworks/SystemConfiguration.framework; sourceTree = SDKROOT; };
		1F2F409215BCE2F800121A2F /* QuartzCore.framework */ = {isa = PBXFileReference; lastKnownFileType = wrapper.framework; name = QuartzCore.framework; path = System/Library/Frameworks/QuartzCore.framework; sourceTree = SDKROOT; };
		1F2F409415BCE30100121A2F /* libxml2.2.dylib */ = {isa = PBXFileReference; lastKnownFileType = "compiled.mach-o.dylib"; name = libxml2.2.dylib; path = usr/lib/libxml2.2.dylib; sourceTree = SDKROOT; };
		1F2F409E15BCE49700121A2F /* OTPTripPlan.h */ = {isa = PBXFileReference; fileEncoding = 4; lastKnownFileType = sourcecode.c.h; name = OTPTripPlan.h; path = Models/OTPTripPlan.h; sourceTree = "<group>"; };
		1F2F409F15BCE49700121A2F /* OTPTripPlan.m */ = {isa = PBXFileReference; fileEncoding = 4; lastKnownFileType = sourcecode.c.objc; name = OTPTripPlan.m; path = Models/OTPTripPlan.m; sourceTree = "<group>"; };
		1F2F40A115BCE4AB00121A2F /* OTPItinerary.h */ = {isa = PBXFileReference; fileEncoding = 4; lastKnownFileType = sourcecode.c.h; name = OTPItinerary.h; path = Models/OTPItinerary.h; sourceTree = "<group>"; };
		1F2F40A215BCE4AB00121A2F /* OTPItinerary.m */ = {isa = PBXFileReference; fileEncoding = 4; lastKnownFileType = sourcecode.c.objc; name = OTPItinerary.m; path = Models/OTPItinerary.m; sourceTree = "<group>"; };
		1F2F40A415BCE57500121A2F /* OTPMappingProvider.h */ = {isa = PBXFileReference; fileEncoding = 4; lastKnownFileType = sourcecode.c.h; name = OTPMappingProvider.h; path = ObjectMapping/OTPMappingProvider.h; sourceTree = "<group>"; };
		1F2F40A515BCE57500121A2F /* OTPMappingProvider.m */ = {isa = PBXFileReference; fileEncoding = 4; lastKnownFileType = sourcecode.c.objc; name = OTPMappingProvider.m; path = ObjectMapping/OTPMappingProvider.m; sourceTree = "<group>"; };
		1F2F40A915BCE7E200121A2F /* OTPTripPlanTest.m */ = {isa = PBXFileReference; fileEncoding = 4; lastKnownFileType = sourcecode.c.objc; name = OTPTripPlanTest.m; path = Models/OTPTripPlanTest.m; sourceTree = "<group>"; };
		1F2F40AC15BCE8CB00121A2F /* response.json */ = {isa = PBXFileReference; fileEncoding = 4; lastKnownFileType = text.json; name = response.json; path = Fixtures/response.json; sourceTree = "<group>"; };
		1F2F40AE15BCEA3700121A2F /* CoreGraphics.framework */ = {isa = PBXFileReference; lastKnownFileType = wrapper.framework; name = CoreGraphics.framework; path = System/Library/Frameworks/CoreGraphics.framework; sourceTree = SDKROOT; };
		1F2F40B415BCEB9B00121A2F /* OTPTestEnvironment.h */ = {isa = PBXFileReference; fileEncoding = 4; lastKnownFileType = sourcecode.c.h; name = OTPTestEnvironment.h; path = SupportingFiles/OTPTestEnvironment.h; sourceTree = "<group>"; };
		1F2F40B515BCEB9B00121A2F /* OTPTestEnvironment.m */ = {isa = PBXFileReference; fileEncoding = 4; lastKnownFileType = sourcecode.c.objc; name = OTPTestEnvironment.m; path = SupportingFiles/OTPTestEnvironment.m; sourceTree = "<group>"; };
		1F2F40B815BCED9700121A2F /* OTPItineraryTest.m */ = {isa = PBXFileReference; fileEncoding = 4; lastKnownFileType = sourcecode.c.objc; name = OTPItineraryTest.m; path = Models/OTPItineraryTest.m; sourceTree = "<group>"; };
		1F2F40BA15BCF1D300121A2F /* OTPResponse.h */ = {isa = PBXFileReference; fileEncoding = 4; lastKnownFileType = sourcecode.c.h; name = OTPResponse.h; path = Models/OTPResponse.h; sourceTree = "<group>"; };
		1F2F40BB15BCF1D300121A2F /* OTPResponse.m */ = {isa = PBXFileReference; fileEncoding = 4; lastKnownFileType = sourcecode.c.objc; name = OTPResponse.m; path = Models/OTPResponse.m; sourceTree = "<group>"; };
		1F2F40BE15BCF2A700121A2F /* OTPResponseTest.m */ = {isa = PBXFileReference; fileEncoding = 4; lastKnownFileType = sourcecode.c.objc; name = OTPResponseTest.m; path = Models/OTPResponseTest.m; sourceTree = "<group>"; };
		1F2F40C015BE0E9100121A2F /* OTPPlannerError.h */ = {isa = PBXFileReference; fileEncoding = 4; lastKnownFileType = sourcecode.c.h; name = OTPPlannerError.h; path = Models/OTPPlannerError.h; sourceTree = "<group>"; };
		1F2F40C115BE0E9100121A2F /* OTPPlannerError.m */ = {isa = PBXFileReference; fileEncoding = 4; lastKnownFileType = sourcecode.c.objc; name = OTPPlannerError.m; path = Models/OTPPlannerError.m; sourceTree = "<group>"; };
		1F2F40C315BE136F00121A2F /* OTPRequestParameters.h */ = {isa = PBXFileReference; fileEncoding = 4; lastKnownFileType = sourcecode.c.h; name = OTPRequestParameters.h; path = Models/OTPRequestParameters.h; sourceTree = "<group>"; };
		1F2F40C415BE136F00121A2F /* OTPRequestParameters.m */ = {isa = PBXFileReference; fileEncoding = 4; lastKnownFileType = sourcecode.c.objc; name = OTPRequestParameters.m; path = Models/OTPRequestParameters.m; sourceTree = "<group>"; };
		1F2F40C715BE1EF700121A2F /* OTPRequestParametersTest.m */ = {isa = PBXFileReference; fileEncoding = 4; lastKnownFileType = sourcecode.c.objc; name = OTPRequestParametersTest.m; path = Models/OTPRequestParametersTest.m; sourceTree = "<group>"; };
		1F2F40C915BE213900121A2F /* responseWithError.json */ = {isa = PBXFileReference; fileEncoding = 4; lastKnownFileType = text.json; name = responseWithError.json; path = Fixtures/responseWithError.json; sourceTree = "<group>"; };
		1FF7F34615BFA58900694F29 /* OTPObjectManager.h */ = {isa = PBXFileReference; fileEncoding = 4; lastKnownFileType = sourcecode.c.h; name = OTPObjectManager.h; path = ObjectMapping/OTPObjectManager.h; sourceTree = "<group>"; };
		1FF7F34715BFA58900694F29 /* OTPObjectManager.m */ = {isa = PBXFileReference; fileEncoding = 4; lastKnownFileType = sourcecode.c.objc; name = OTPObjectManager.m; path = ObjectMapping/OTPObjectManager.m; sourceTree = "<group>"; };
		1FF7F34A15BFD93E00694F29 /* OTPObjectManagerTest.m */ = {isa = PBXFileReference; fileEncoding = 4; lastKnownFileType = sourcecode.c.objc; name = OTPObjectManagerTest.m; path = ObjectMapping/OTPObjectManagerTest.m; sourceTree = "<group>"; };
/* End PBXFileReference section */

/* Begin PBXFrameworksBuildPhase section */
		1F2F403D15BCE06500121A2F /* Frameworks */ = {
			isa = PBXFrameworksBuildPhase;
			buildActionMask = 2147483647;
			files = (
				1F2F40AF15BCEA3700121A2F /* CoreGraphics.framework in Frameworks */,
				1F2F409515BCE30100121A2F /* libxml2.2.dylib in Frameworks */,
				1F2F409315BCE2F800121A2F /* QuartzCore.framework in Frameworks */,
				1F2F409115BCE2EF00121A2F /* SystemConfiguration.framework in Frameworks */,
				1F2F408F15BCE2E500121A2F /* Security.framework in Frameworks */,
				1F2F408D15BCE2DB00121A2F /* MobileCoreServices.framework in Frameworks */,
				1F2F408B15BCE2D400121A2F /* CoreData.framework in Frameworks */,
				1F2F408915BCE2CE00121A2F /* CFNetwork.framework in Frameworks */,
				1F2F408715BCE2B400121A2F /* libRestKit.a in Frameworks */,
				1F2F404415BCE06500121A2F /* Foundation.framework in Frameworks */,
			);
			runOnlyForDeploymentPostprocessing = 0;
		};
		1F2F404D15BCE06600121A2F /* Frameworks */ = {
			isa = PBXFrameworksBuildPhase;
			buildActionMask = 2147483647;
			files = (
				1F2F40B015BCEA4200121A2F /* CoreGraphics.framework in Frameworks */,
				1F2F409C15BCE34700121A2F /* libxml2.2.dylib in Frameworks */,
				1F2F409B15BCE34000121A2F /* QuartzCore.framework in Frameworks */,
				1F2F409A15BCE33700121A2F /* SystemConfiguration.framework in Frameworks */,
				1F2F409915BCE32F00121A2F /* Security.framework in Frameworks */,
				1F2F409815BCE32700121A2F /* MobileCoreServices.framework in Frameworks */,
				1F2F409715BCE32000121A2F /* CoreData.framework in Frameworks */,
				1F2F409615BCE31800121A2F /* CFNetwork.framework in Frameworks */,
				1F2F405315BCE06600121A2F /* SenTestingKit.framework in Frameworks */,
				1F2F405515BCE06600121A2F /* UIKit.framework in Frameworks */,
				1F2F405615BCE06600121A2F /* Foundation.framework in Frameworks */,
				1F2F405915BCE06600121A2F /* libOTPClient.a in Frameworks */,
			);
			runOnlyForDeploymentPostprocessing = 0;
		};
/* End PBXFrameworksBuildPhase section */

/* Begin PBXGroup section */
		1F2F403515BCE06500121A2F = {
			isa = PBXGroup;
			children = (
				1F2F404515BCE06500121A2F /* OTPClient */,
				1F2F405A15BCE06600121A2F /* OTPClientTests */,
				1F2F408415BCE19C00121A2F /* Libraries */,
				1F2F404215BCE06500121A2F /* Frameworks */,
				1F2F404115BCE06500121A2F /* Products */,
			);
			sourceTree = "<group>";
		};
		1F2F404115BCE06500121A2F /* Products */ = {
			isa = PBXGroup;
			children = (
				1F2F404015BCE06500121A2F /* libOTPClient.a */,
				1F2F405115BCE06600121A2F /* OTPClientTests.octest */,
			);
			name = Products;
			sourceTree = "<group>";
		};
		1F2F404215BCE06500121A2F /* Frameworks */ = {
			isa = PBXGroup;
			children = (
				1F2F40AE15BCEA3700121A2F /* CoreGraphics.framework */,
				1F2F409215BCE2F800121A2F /* QuartzCore.framework */,
				1F2F409015BCE2EF00121A2F /* SystemConfiguration.framework */,
				1F2F408E15BCE2E400121A2F /* Security.framework */,
				1F2F408C15BCE2DB00121A2F /* MobileCoreServices.framework */,
				1F2F408A15BCE2D400121A2F /* CoreData.framework */,
				1F2F408815BCE2CE00121A2F /* CFNetwork.framework */,
				1F2F404315BCE06500121A2F /* Foundation.framework */,
				1F2F405215BCE06600121A2F /* SenTestingKit.framework */,
				1F2F405415BCE06600121A2F /* UIKit.framework */,
			);
			name = Frameworks;
			sourceTree = "<group>";
		};
		1F2F404515BCE06500121A2F /* OTPClient */ = {
			isa = PBXGroup;
			children = (
				1F9357C515C214FA0045D6DF /* ObjectMapping */,
				1F2F409D15BCE44800121A2F /* Models */,
				1F2F404615BCE06500121A2F /* SupportingFiles */,
			);
			path = OTPClient;
			sourceTree = "<group>";
		};
		1F2F404615BCE06500121A2F /* SupportingFiles */ = {
			isa = PBXGroup;
			children = (
				1F01288C15BE3F8B0063ECDC /* NSDate+OTPTimeInterval.h */,
				1F01288D15BE3F8B0063ECDC /* NSDate+OTPTimeInterval.m */,
				1F2F404715BCE06500121A2F /* OTPClient-Prefix.pch */,
				1F12166C15C200A7007B75A5 /* MACLog.h */,
			);
			name = SupportingFiles;
			sourceTree = "<group>";
		};
		1F2F405A15BCE06600121A2F /* OTPClientTests */ = {
			isa = PBXGroup;
			children = (
				1F9357C615C2156F0045D6DF /* Object Mapping */,
				1F2F40A715BCE75100121A2F /* Models */,
				1F2F40AB15BCE8B800121A2F /* Fixtures */,
				1F2F405B15BCE06600121A2F /* SupportingFiles */,
			);
			path = OTPClientTests;
			sourceTree = "<group>";
		};
		1F2F405B15BCE06600121A2F /* SupportingFiles */ = {
			isa = PBXGroup;
			children = (
				1F2F40B415BCEB9B00121A2F /* OTPTestEnvironment.h */,
				1F2F40B515BCEB9B00121A2F /* OTPTestEnvironment.m */,
				1F2F405C15BCE06600121A2F /* OTPClientTests-Info.plist */,
			);
			name = SupportingFiles;
			sourceTree = "<group>";
		};
		1F2F406F15BCE19000121A2F /* Products */ = {
			isa = PBXGroup;
			children = (
				1F2F407A15BCE19100121A2F /* libRestKit.a */,
				1F2F407C15BCE19100121A2F /* RestKitTests.octest */,
				1F2F407E15BCE19100121A2F /* RestKit.framework */,
				1F2F408015BCE19100121A2F /* RestKitFrameworkTests.octest */,
				1F2F408215BCE19100121A2F /* RestKitResources.bundle */,
			);
			name = Products;
			sourceTree = "<group>";
		};
		1F2F408415BCE19C00121A2F /* Libraries */ = {
			isa = PBXGroup;
			children = (
				1F2F409415BCE30100121A2F /* libxml2.2.dylib */,
				1F2F406E15BCE19000121A2F /* RestKit.xcodeproj */,
			);
			name = Libraries;
			sourceTree = "<group>";
		};
		1F2F409D15BCE44800121A2F /* Models */ = {
			isa = PBXGroup;
			children = (
				1F2F40BA15BCF1D300121A2F /* OTPResponse.h */,
				1F2F40BB15BCF1D300121A2F /* OTPResponse.m */,
				1F2F40C315BE136F00121A2F /* OTPRequestParameters.h */,
				1F2F40C415BE136F00121A2F /* OTPRequestParameters.m */,
				1F2F409E15BCE49700121A2F /* OTPTripPlan.h */,
				1F2F409F15BCE49700121A2F /* OTPTripPlan.m */,
				1F01288615BE391F0063ECDC /* OTPPlace.h */,
				1F01288715BE391F0063ECDC /* OTPPlace.m */,
				1F01288915BE3AE20063ECDC /* OTPAgencyAndID.h */,
				1F01288A15BE3AE20063ECDC /* OTPAgencyAndID.m */,
				1F2F40C015BE0E9100121A2F /* OTPPlannerError.h */,
				1F2F40C115BE0E9100121A2F /* OTPPlannerError.m */,
				1F2F40A115BCE4AB00121A2F /* OTPItinerary.h */,
				1F2F40A215BCE4AB00121A2F /* OTPItinerary.m */,
				1F01289815BE62B10063ECDC /* OTPFare.h */,
				1F01289915BE62B10063ECDC /* OTPFare.m */,
				1F01289B15BE62EE0063ECDC /* OTPLeg.h */,
				1F01289C15BE62EF0063ECDC /* OTPLeg.m */,
				1F01289E15BE68D50063ECDC /* OTPEncodedPolyline.h */,
				1F01289F15BE68D60063ECDC /* OTPEncodedPolyline.m */,
				1F0128A115BE78570063ECDC /* OTPWalkStep.h */,
				1F0128A215BE78580063ECDC /* OTPWalkStep.m */,
			);
			name = Models;
			sourceTree = "<group>";
		};
		1F2F40A715BCE75100121A2F /* Models */ = {
			isa = PBXGroup;
			children = (
				1F2F40BE15BCF2A700121A2F /* OTPResponseTest.m */,
				1F2F40C715BE1EF700121A2F /* OTPRequestParametersTest.m */,
				1F2F40A915BCE7E200121A2F /* OTPTripPlanTest.m */,
				1F01289015BE55430063ECDC /* OTPPlaceTest.m */,
				1F01289315BE5A820063ECDC /* OTPAgencyAndIDTest.m */,
				1F01289615BE5C030063ECDC /* OTPPlannerErrorTest.m */,
				1F2F40B815BCED9700121A2F /* OTPItineraryTest.m */,
				1F0128A515BE80E70063ECDC /* OTPFareTest.m */,
				1F0128A815BE81210063ECDC /* OTPLegTest.m */,
				1F0128AB15BE88840063ECDC /* OTPEncodedPolylineTest.m */,
				1F0128AE15BE89DF0063ECDC /* OTPWalkStepTest.m */,
			);
			name = Models;
			sourceTree = "<group>";
		};
		1F2F40AB15BCE8B800121A2F /* Fixtures */ = {
			isa = PBXGroup;
			children = (
				1F2F40C915BE213900121A2F /* responseWithError.json */,
				1F2F40AC15BCE8CB00121A2F /* response.json */,
			);
			name = Fixtures;
			sourceTree = "<group>";
		};
		1F9357C515C214FA0045D6DF /* ObjectMapping */ = {
			isa = PBXGroup;
			children = (
				1FF7F34615BFA58900694F29 /* OTPObjectManager.h */,
				1FF7F34715BFA58900694F29 /* OTPObjectManager.m */,
				1F2F40A415BCE57500121A2F /* OTPMappingProvider.h */,
				1F2F40A515BCE57500121A2F /* OTPMappingProvider.m */,
			);
			name = ObjectMapping;
			sourceTree = "<group>";
		};
		1F9357C615C2156F0045D6DF /* Object Mapping */ = {
			isa = PBXGroup;
			children = (
				1FF7F34A15BFD93E00694F29 /* OTPObjectManagerTest.m */,
				1F0128BE15BF74410063ECDC /* OTPMappingProviderTest.m */,
			);
			name = "Object Mapping";
			sourceTree = "<group>";
		};
/* End PBXGroup section */

/* Begin PBXHeadersBuildPhase section */
		1F12167B15C20AE1007B75A5 /* Headers */ = {
			isa = PBXHeadersBuildPhase;
			buildActionMask = 2147483647;
			files = (
				1F12167C15C20B27007B75A5 /* OTPObjectManager.h in Headers */,
				1F12167D15C20B4D007B75A5 /* OTPTripPlan.h in Headers */,
				1F12167E15C20B4D007B75A5 /* OTPPlace.h in Headers */,
				1F12167F15C20B4D007B75A5 /* OTPAgencyAndID.h in Headers */,
				1F12168015C20B4D007B75A5 /* OTPItinerary.h in Headers */,
				1F12168115C20B4D007B75A5 /* OTPFare.h in Headers */,
				1F12168215C20B4D007B75A5 /* OTPLeg.h in Headers */,
				1F12168315C20B4D007B75A5 /* OTPEncodedPolyline.h in Headers */,
				1F12168415C20B4D007B75A5 /* OTPWalkStep.h in Headers */,
			);
			runOnlyForDeploymentPostprocessing = 0;
		};
/* End PBXHeadersBuildPhase section */

/* Begin PBXNativeTarget section */
		1F2F403F15BCE06500121A2F /* OTPClient */ = {
			isa = PBXNativeTarget;
			buildConfigurationList = 1F2F406515BCE06600121A2F /* Build configuration list for PBXNativeTarget "OTPClient" */;
			buildPhases = (
				1F2F403C15BCE06500121A2F /* Sources */,
				1F2F403D15BCE06500121A2F /* Frameworks */,
				1F12167B15C20AE1007B75A5 /* Headers */,
			);
			buildRules = (
			);
			dependencies = (
				1F2F408615BCE29400121A2F /* PBXTargetDependency */,
			);
			name = OTPClient;
			productName = OTPClient;
			productReference = 1F2F404015BCE06500121A2F /* libOTPClient.a */;
			productType = "com.apple.product-type.library.static";
		};
		1F2F405015BCE06600121A2F /* OTPClientTests */ = {
			isa = PBXNativeTarget;
			buildConfigurationList = 1F2F406815BCE06600121A2F /* Build configuration list for PBXNativeTarget "OTPClientTests" */;
			buildPhases = (
				1F2F404C15BCE06600121A2F /* Sources */,
				1F2F404D15BCE06600121A2F /* Frameworks */,
				1F2F404E15BCE06600121A2F /* Resources */,
				1F2F404F15BCE06600121A2F /* ShellScript */,
			);
			buildRules = (
			);
			dependencies = (
				1F2F405815BCE06600121A2F /* PBXTargetDependency */,
			);
			name = OTPClientTests;
			productName = OTPClientTests;
			productReference = 1F2F405115BCE06600121A2F /* OTPClientTests.octest */;
			productType = "com.apple.product-type.bundle";
		};
/* End PBXNativeTarget section */

/* Begin PBXProject section */
		1F2F403715BCE06500121A2F /* Project object */ = {
			isa = PBXProject;
			attributes = {
				LastUpgradeCheck = 0450;
				ORGANIZATIONNAME = "Seven O' Eight";
			};
			buildConfigurationList = 1F2F403A15BCE06500121A2F /* Build configuration list for PBXProject "OTPClient" */;
			compatibilityVersion = "Xcode 3.2";
			developmentRegion = English;
			hasScannedForEncodings = 0;
			knownRegions = (
				en,
			);
			mainGroup = 1F2F403515BCE06500121A2F;
			productRefGroup = 1F2F404115BCE06500121A2F /* Products */;
			projectDirPath = "";
			projectReferences = (
				{
					ProductGroup = 1F2F406F15BCE19000121A2F /* Products */;
					ProjectRef = 1F2F406E15BCE19000121A2F /* RestKit.xcodeproj */;
				},
			);
			projectRoot = "";
			targets = (
				1F2F403F15BCE06500121A2F /* OTPClient */,
				1F2F405015BCE06600121A2F /* OTPClientTests */,
			);
		};
/* End PBXProject section */

/* Begin PBXReferenceProxy section */
		1F2F407A15BCE19100121A2F /* libRestKit.a */ = {
			isa = PBXReferenceProxy;
			fileType = archive.ar;
			path = libRestKit.a;
			remoteRef = 1F2F407915BCE19100121A2F /* PBXContainerItemProxy */;
			sourceTree = BUILT_PRODUCTS_DIR;
		};
		1F2F407C15BCE19100121A2F /* RestKitTests.octest */ = {
			isa = PBXReferenceProxy;
			fileType = wrapper.cfbundle;
			path = RestKitTests.octest;
			remoteRef = 1F2F407B15BCE19100121A2F /* PBXContainerItemProxy */;
			sourceTree = BUILT_PRODUCTS_DIR;
		};
		1F2F407E15BCE19100121A2F /* RestKit.framework */ = {
			isa = PBXReferenceProxy;
			fileType = wrapper.framework;
			path = RestKit.framework;
			remoteRef = 1F2F407D15BCE19100121A2F /* PBXContainerItemProxy */;
			sourceTree = BUILT_PRODUCTS_DIR;
		};
		1F2F408015BCE19100121A2F /* RestKitFrameworkTests.octest */ = {
			isa = PBXReferenceProxy;
			fileType = wrapper.cfbundle;
			path = RestKitFrameworkTests.octest;
			remoteRef = 1F2F407F15BCE19100121A2F /* PBXContainerItemProxy */;
			sourceTree = BUILT_PRODUCTS_DIR;
		};
		1F2F408215BCE19100121A2F /* RestKitResources.bundle */ = {
			isa = PBXReferenceProxy;
			fileType = wrapper.cfbundle;
			path = RestKitResources.bundle;
			remoteRef = 1F2F408115BCE19100121A2F /* PBXContainerItemProxy */;
			sourceTree = BUILT_PRODUCTS_DIR;
		};
/* End PBXReferenceProxy section */

/* Begin PBXResourcesBuildPhase section */
		1F2F404E15BCE06600121A2F /* Resources */ = {
			isa = PBXResourcesBuildPhase;
			buildActionMask = 2147483647;
			files = (
				1F2F40AD15BCE8CB00121A2F /* response.json in Resources */,
				1F2F40CA15BE213900121A2F /* responseWithError.json in Resources */,
			);
			runOnlyForDeploymentPostprocessing = 0;
		};
/* End PBXResourcesBuildPhase section */

/* Begin PBXShellScriptBuildPhase section */
		1F2F404F15BCE06600121A2F /* ShellScript */ = {
			isa = PBXShellScriptBuildPhase;
			buildActionMask = 2147483647;
			files = (
			);
			inputPaths = (
			);
			outputPaths = (
			);
			runOnlyForDeploymentPostprocessing = 0;
			shellPath = /bin/sh;
			shellScript = "# Run the unit tests in this test bundle.\n\"${SYSTEM_DEVELOPER_DIR}/Tools/RunUnitTests\"\n";
		};
/* End PBXShellScriptBuildPhase section */

/* Begin PBXSourcesBuildPhase section */
		1F2F403C15BCE06500121A2F /* Sources */ = {
			isa = PBXSourcesBuildPhase;
			buildActionMask = 2147483647;
			files = (
				1F2F40A015BCE49700121A2F /* OTPTripPlan.m in Sources */,
				1F2F40A315BCE4AB00121A2F /* OTPItinerary.m in Sources */,
				1F2F40A615BCE57500121A2F /* OTPMappingProvider.m in Sources */,
				1F2F40BC15BCF1D300121A2F /* OTPResponse.m in Sources */,
				1F2F40C215BE0E9100121A2F /* OTPPlannerError.m in Sources */,
				1F2F40C515BE136F00121A2F /* OTPRequestParameters.m in Sources */,
				1F01288815BE391F0063ECDC /* OTPPlace.m in Sources */,
				1F01288B15BE3AE20063ECDC /* OTPAgencyAndID.m in Sources */,
				1F01288E15BE3F8B0063ECDC /* NSDate+OTPTimeInterval.m in Sources */,
				1F01289A15BE62B10063ECDC /* OTPFare.m in Sources */,
				1F01289D15BE62EF0063ECDC /* OTPLeg.m in Sources */,
				1F0128A015BE68D60063ECDC /* OTPEncodedPolyline.m in Sources */,
				1F0128A315BE78580063ECDC /* OTPWalkStep.m in Sources */,
				1FF7F34815BFA58900694F29 /* OTPObjectManager.m in Sources */,
			);
			runOnlyForDeploymentPostprocessing = 0;
		};
		1F2F404C15BCE06600121A2F /* Sources */ = {
			isa = PBXSourcesBuildPhase;
			buildActionMask = 2147483647;
			files = (
				1F2F40AA15BCE7E200121A2F /* OTPTripPlanTest.m in Sources */,
				1F2F40B615BCEB9B00121A2F /* OTPTestEnvironment.m in Sources */,
				1F2F40B915BCED9700121A2F /* OTPItineraryTest.m in Sources */,
				1F2F40BF15BCF2A700121A2F /* OTPResponseTest.m in Sources */,
				1F2F40C815BE1EF700121A2F /* OTPRequestParametersTest.m in Sources */,
				1F01289115BE55430063ECDC /* OTPPlaceTest.m in Sources */,
				1F01289415BE5A820063ECDC /* OTPAgencyAndIDTest.m in Sources */,
				1F01289715BE5C030063ECDC /* OTPPlannerErrorTest.m in Sources */,
				1F0128A615BE80E70063ECDC /* OTPFareTest.m in Sources */,
				1F0128A915BE81210063ECDC /* OTPLegTest.m in Sources */,
				1F0128AC15BE88840063ECDC /* OTPEncodedPolylineTest.m in Sources */,
				1F0128AF15BE89DF0063ECDC /* OTPWalkStepTest.m in Sources */,
				1F0128BF15BF74410063ECDC /* OTPMappingProviderTest.m in Sources */,
				1FF7F34B15BFD93E00694F29 /* OTPObjectManagerTest.m in Sources */,
			);
			runOnlyForDeploymentPostprocessing = 0;
		};
/* End PBXSourcesBuildPhase section */

/* Begin PBXTargetDependency section */
		1F2F405815BCE06600121A2F /* PBXTargetDependency */ = {
			isa = PBXTargetDependency;
			target = 1F2F403F15BCE06500121A2F /* OTPClient */;
			targetProxy = 1F2F405715BCE06600121A2F /* PBXContainerItemProxy */;
		};
		1F2F408615BCE29400121A2F /* PBXTargetDependency */ = {
			isa = PBXTargetDependency;
			name = RestKit;
			targetProxy = 1F2F408515BCE29400121A2F /* PBXContainerItemProxy */;
		};
/* End PBXTargetDependency section */

/* Begin XCBuildConfiguration section */
		1F2F406315BCE06600121A2F /* Debug */ = {
			isa = XCBuildConfiguration;
			buildSettings = {
				ALWAYS_SEARCH_USER_PATHS = NO;
				CLANG_CXX_LANGUAGE_STANDARD = "gnu++0x";
				CLANG_CXX_LIBRARY = "libc++";
				CLANG_ENABLE_OBJC_ARC = YES;
				CLANG_WARN__DUPLICATE_METHOD_MATCH = YES;
				COPY_PHASE_STRIP = NO;
				GCC_C_LANGUAGE_STANDARD = gnu99;
				GCC_DYNAMIC_NO_PIC = NO;
				GCC_OPTIMIZATION_LEVEL = 0;
				GCC_PREPROCESSOR_DEFINITIONS = (
					"DEBUG=1",
					"$(inherited)",
				);
				GCC_SYMBOLS_PRIVATE_EXTERN = NO;
				GCC_WARN_ABOUT_RETURN_TYPE = YES;
				GCC_WARN_UNINITIALIZED_AUTOS = YES;
				GCC_WARN_UNUSED_VARIABLE = YES;
				IPHONEOS_DEPLOYMENT_TARGET = 5.0;
				SDKROOT = iphoneos;
			};
			name = Debug;
		};
		1F2F406415BCE06600121A2F /* Release */ = {
			isa = XCBuildConfiguration;
			buildSettings = {
				ALWAYS_SEARCH_USER_PATHS = NO;
				CLANG_CXX_LANGUAGE_STANDARD = "gnu++0x";
				CLANG_CXX_LIBRARY = "libc++";
				CLANG_ENABLE_OBJC_ARC = YES;
				CLANG_WARN__DUPLICATE_METHOD_MATCH = YES;
				COPY_PHASE_STRIP = YES;
				GCC_C_LANGUAGE_STANDARD = gnu99;
				GCC_WARN_ABOUT_RETURN_TYPE = YES;
				GCC_WARN_UNINITIALIZED_AUTOS = YES;
				GCC_WARN_UNUSED_VARIABLE = YES;
				IPHONEOS_DEPLOYMENT_TARGET = 5.0;
				SDKROOT = iphoneos;
				VALIDATE_PRODUCT = YES;
			};
			name = Release;
		};
		1F2F406615BCE06600121A2F /* Debug */ = {
			isa = XCBuildConfiguration;
			buildSettings = {
				DSTROOT = /tmp/OTPClient.dst;
				GCC_PRECOMPILE_PREFIX_HEADER = YES;
				GCC_PREFIX_HEADER = "OTPClient/SupportingFiles/OTPClient-Prefix.pch";
				HEADER_SEARCH_PATHS = "\"$(BUILT_PRODUCTS_DIR)/../../Headers\"";
				OTHER_LDFLAGS = (
					"-ObjC",
					"-all_load",
				);
				PRIVATE_HEADERS_FOLDER_PATH = ../../Headers/OTPClient/Private;
				PRODUCT_NAME = "$(TARGET_NAME)";
				PUBLIC_HEADERS_FOLDER_PATH = ../../Headers/OTPClient;
				SKIP_INSTALL = YES;
			};
			name = Debug;
		};
		1F2F406715BCE06600121A2F /* Release */ = {
			isa = XCBuildConfiguration;
			buildSettings = {
				DSTROOT = /tmp/OTPClient.dst;
				GCC_PRECOMPILE_PREFIX_HEADER = YES;
				GCC_PREFIX_HEADER = "OTPClient/SupportingFiles/OTPClient-Prefix.pch";
				HEADER_SEARCH_PATHS = "\"$(BUILT_PRODUCTS_DIR)/../../Headers\"";
				OTHER_LDFLAGS = (
					"-ObjC",
					"-all_load",
				);
				PRIVATE_HEADERS_FOLDER_PATH = ../../Headers/OTPClient/Private;
				PRODUCT_NAME = "$(TARGET_NAME)";
				PUBLIC_HEADERS_FOLDER_PATH = ../../Headers/OTPClient;
				SKIP_INSTALL = YES;
			};
			name = Release;
		};
		1F2F406915BCE06600121A2F /* Debug */ = {
			isa = XCBuildConfiguration;
			buildSettings = {
				FRAMEWORK_SEARCH_PATHS = (
					"\"$(SDKROOT)/Developer/Library/Frameworks\"",
					"\"$(DEVELOPER_LIBRARY_DIR)/Frameworks\"",
				);
				GCC_PRECOMPILE_PREFIX_HEADER = YES;
				GCC_PREFIX_HEADER = "OTPClient/SupportingFiles/OTPClient-Prefix.pch";
				HEADER_SEARCH_PATHS = "\"$(BUILT_PRODUCTS_DIR)/../../Headers\"";
				INFOPLIST_FILE = "OTPClientTests/SupportingFiles/OTPClientTests-Info.plist";
				OTHER_LDFLAGS = (
					"-ObjC",
					"-all_load",
				);
				PRODUCT_NAME = "$(TARGET_NAME)";
				WRAPPER_EXTENSION = octest;
			};
			name = Debug;
		};
		1F2F406A15BCE06600121A2F /* Release */ = {
			isa = XCBuildConfiguration;
			buildSettings = {
				FRAMEWORK_SEARCH_PATHS = (
					"\"$(SDKROOT)/Developer/Library/Frameworks\"",
					"\"$(DEVELOPER_LIBRARY_DIR)/Frameworks\"",
				);
				GCC_PRECOMPILE_PREFIX_HEADER = YES;
				GCC_PREFIX_HEADER = "OTPClient/SupportingFiles/OTPClient-Prefix.pch";
				HEADER_SEARCH_PATHS = "\"$(BUILT_PRODUCTS_DIR)/../../Headers\"";
				INFOPLIST_FILE = "OTPClientTests/SupportingFiles/OTPClientTests-Info.plist";
				OTHER_LDFLAGS = (
					"-ObjC",
					"-all_load",
				);
				PRODUCT_NAME = "$(TARGET_NAME)";
				WRAPPER_EXTENSION = octest;
			};
			name = Release;
		};
/* End XCBuildConfiguration section */

/* Begin XCConfigurationList section */
		1F2F403A15BCE06500121A2F /* Build configuration list for PBXProject "OTPClient" */ = {
			isa = XCConfigurationList;
			buildConfigurations = (
				1F2F406315BCE06600121A2F /* Debug */,
				1F2F406415BCE06600121A2F /* Release */,
			);
			defaultConfigurationIsVisible = 0;
			defaultConfigurationName = Release;
		};
		1F2F406515BCE06600121A2F /* Build configuration list for PBXNativeTarget "OTPClient" */ = {
			isa = XCConfigurationList;
			buildConfigurations = (
				1F2F406615BCE06600121A2F /* Debug */,
				1F2F406715BCE06600121A2F /* Release */,
			);
			defaultConfigurationIsVisible = 0;
			defaultConfigurationName = Release;
		};
		1F2F406815BCE06600121A2F /* Build configuration list for PBXNativeTarget "OTPClientTests" */ = {
			isa = XCConfigurationList;
			buildConfigurations = (
				1F2F406915BCE06600121A2F /* Debug */,
				1F2F406A15BCE06600121A2F /* Release */,
			);
			defaultConfigurationIsVisible = 0;
			defaultConfigurationName = Release;
		};
/* End XCConfigurationList section */
	};
	rootObject = 1F2F403715BCE06500121A2F /* Project object */;
}
